
Microsoft Visual Studio Solution File, Format Version 12.00
# Visual Studio 15
VisualStudioVersion = 15.0.27703.2042
MinimumVisualStudioVersion = 10.0.40219.1
Project("{FAE04EC0-301F-11D3-BF4B-00C04F79EFBC}") = "PizzaBackup.Library", "PizzaBackup.Library\PizzaBackup.Library.csproj", "{40EC7F2B-BE76-4CA0-8FD7-8690429ED80D}"
EndProject
Project("{FAE04EC0-301F-11D3-BF4B-00C04F79EFBC}") = "PizzaBackup.Tests", "PizzaBackup.Tests\PizzaBackup.Tests.csproj", "{91F9A09A-4266-4D52-800F-E7F587B3D190}"
EndProject
Project("{FAE04EC0-301F-11D3-BF4B-00C04F79EFBC}") = "PizzaBackup.Data", "PizzaBackup.Data\PizzaBackup.Data.csproj", "{BD84554F-EA40-4F92-9A5F-7B69EB90468E}"
EndProject
Project("{FAE04EC0-301F-11D3-BF4B-00C04F79EFBC}") = "PizzaBackup.Client", "PizzaBackup.Client\PizzaBackup.Client.csproj", "{16D1FFCD-E482-49CF-A43E-7367F47E2323}"
EndProject
Global
	GlobalSection(SolutionConfigurationPlatforms) = preSolution
		Debug|Any CPU = Debug|Any CPU
		Release|Any CPU = Release|Any CPU
	EndGlobalSection
	GlobalSection(ProjectConfigurationPlatforms) = postSolution
		{40EC7F2B-BE76-4CA0-8FD7-8690429ED80D}.Debug|Any CPU.ActiveCfg = Debug|Any CPU
		{40EC7F2B-BE76-4CA0-8FD7-8690429ED80D}.Debug|Any CPU.Build.0 = Debug|Any CPU
		{40EC7F2B-BE76-4CA0-8FD7-8690429ED80D}.Release|Any CPU.ActiveCfg = Release|Any CPU
		{40EC7F2B-BE76-4CA0-8FD7-8690429ED80D}.Release|Any CPU.Build.0 = Release|Any CPU
		{91F9A09A-4266-4D52-800F-E7F587B3D190}.Debug|Any CPU.ActiveCfg = Debug|Any CPU
		{91F9A09A-4266-4D52-800F-E7F587B3D190}.Debug|Any CPU.Build.0 = Debug|Any CPU
		{91F9A09A-4266-4D52-800F-E7F587B3D190}.Release|Any CPU.ActiveCfg = Release|Any CPU
		{91F9A09A-4266-4D52-800F-E7F587B3D190}.Release|Any CPU.Build.0 = Release|Any CPU
		{BD84554F-EA40-4F92-9A5F-7B69EB90468E}.Debug|Any CPU.ActiveCfg = Debug|Any CPU
		{BD84554F-EA40-4F92-9A5F-7B69EB90468E}.Debug|Any CPU.Build.0 = Debug|Any CPU
		{BD84554F-EA40-4F92-9A5F-7B69EB90468E}.Release|Any CPU.ActiveCfg = Release|Any CPU
		{BD84554F-EA40-4F92-9A5F-7B69EB90468E}.Release|Any CPU.Build.0 = Release|Any CPU
		{16D1FFCD-E482-49CF-A43E-7367F47E2323}.Debug|Any CPU.ActiveCfg = Debug|Any CPU
		{16D1FFCD-E482-49CF-A43E-7367F47E2323}.Debug|Any CPU.Build.0 = Debug|Any CPU
		{16D1FFCD-E482-49CF-A43E-7367F47E2323}.Release|Any CPU.ActiveCfg = Release|Any CPU
		{16D1FFCD-E482-49CF-A43E-7367F47E2323}.Release|Any CPU.Build.0 = Release|Any CPU
	EndGlobalSection
	GlobalSection(SolutionProperties) = preSolution
		HideSolutionNode = FALSE
	EndGlobalSection
	GlobalSection(ExtensibilityGlobals) = postSolution
		SolutionGuid = {F71A047E-93A9-43A8-A3C9-A05E01162F4B}
	EndGlobalSection
EndGlobal
